
Microsoft Visual Studio Solution File, Format Version 12.00
# Visual Studio Version 17
VisualStudioVersion = 17.7.34024.191
MinimumVisualStudioVersion = 10.0.40219.1
Project("{2150E333-8FDC-42A3-9474-1A3956D46DE8}") = "src", "src", "{F2C73DF4-9769-49EC-94F0-DCF91CC5C7C2}"
EndProject
Project("{2150E333-8FDC-42A3-9474-1A3956D46DE8}") = "tests", "tests", "{7C06F316-5168-46BC-9A49-54ADAE23B173}"
EndProject
Project("{2150E333-8FDC-42A3-9474-1A3956D46DE8}") = "examples", "examples", "{ECC7D17B-3B39-421E-A55E-C9B842037D3E}"
EndProject
Project("{9A19103F-16F7-4668-BE54-9A1E7A4F7556}") = "TheChest.ConsoleApp", "examples\TheChest.ConsoleApp\TheChest.ConsoleApp.csproj", "{2313C6C4-5786-4046-8772-1A28BDA39338}"
EndProject
Project("{9A19103F-16F7-4668-BE54-9A1E7A4F7556}") = "TheChest.ConsoleApp.Tests", "examples\TheChest.ConsoleApp.Tests\TheChest.ConsoleApp.Tests.csproj", "{71F14A57-E182-49F2-A9E2-BBD79E3D51A3}"
EndProject
Project("{FAE04EC0-301F-11D3-BF4B-00C04F79EFBC}") = "TheChest.Inventories", "src\TheChest.Inventories\TheChest.Inventories.csproj", "{0A74FE04-E435-C7D6-7323-B8A06E238903}"
EndProject
Project("{FAE04EC0-301F-11D3-BF4B-00C04F79EFBC}") = "TheChest.Inventories.Tests", "tests\TheChest.Inventories.Tests\TheChest.Inventories.Tests.csproj", "{135428C7-DEB2-22D4-0DC7-F80603D9EC23}"
EndProject
Project("{2150E333-8FDC-42A3-9474-1A3956D46DE8}") = "docs", "docs", "{380A7511-A354-6D7A-0CC0-8FA1F1BA7B6C}"
EndProject
Project("{2150E333-8FDC-42A3-9474-1A3956D46DE8}") = "inventory", "inventory", "{02EA681E-C7D8-13C7-8484-4AC65E1B71E8}"
	ProjectSection(SolutionItems) = preProject
		docs\inventory\class_diagram.md = docs\inventory\class_diagram.md
		docs\inventory\events.md = docs\inventory\events.md
		docs\inventory\extending.md = docs\inventory\extending.md
		docs\inventory\implementing.md = docs\inventory\implementing.md
	EndProjectSection
EndProject
Project("{2150E333-8FDC-42A3-9474-1A3956D46DE8}") = "stack_inventory", "stack_inventory", "{6E4E9365-6329-4D99-A987-3975D1D27AF4}"
	ProjectSection(SolutionItems) = preProject
		docs\stack_inventory\class_diagram.md = docs\stack_inventory\class_diagram.md
		docs\stack_inventory\events.md = docs\stack_inventory\events.md
		docs\stack_inventory\extending.md = docs\stack_inventory\extending.md
		docs\stack_inventory\implementing.md = docs\stack_inventory\implementing.md
	EndProjectSection
EndProject
Project("{2150E333-8FDC-42A3-9474-1A3956D46DE8}") = "lazy_stack_inventory", "lazy_stack_inventory", "{F23C1317-F2B9-4C47-B2A0-1C9C0B57C495}"
	ProjectSection(SolutionItems) = preProject
		docs\lazy_stack_inventory\class_diagram.md = docs\lazy_stack_inventory\class_diagram.md
		docs\lazy_stack_inventory\events.md = docs\lazy_stack_inventory\events.md
		docs\lazy_stack_inventory\extending.md = docs\lazy_stack_inventory\extending.md
		docs\lazy_stack_inventory\implementing.md = docs\lazy_stack_inventory\implementing.md
	EndProjectSection
EndProject
Global
	GlobalSection(SolutionConfigurationPlatforms) = preSolution
		Debug|Any CPU = Debug|Any CPU
		Release|Any CPU = Release|Any CPU
	EndGlobalSection
	GlobalSection(ProjectConfigurationPlatforms) = postSolution
		{2313C6C4-5786-4046-8772-1A28BDA39338}.Debug|Any CPU.ActiveCfg = Debug|Any CPU
		{2313C6C4-5786-4046-8772-1A28BDA39338}.Debug|Any CPU.Build.0 = Debug|Any CPU
		{2313C6C4-5786-4046-8772-1A28BDA39338}.Release|Any CPU.ActiveCfg = Release|Any CPU
		{2313C6C4-5786-4046-8772-1A28BDA39338}.Release|Any CPU.Build.0 = Release|Any CPU
		{71F14A57-E182-49F2-A9E2-BBD79E3D51A3}.Debug|Any CPU.ActiveCfg = Debug|Any CPU
		{71F14A57-E182-49F2-A9E2-BBD79E3D51A3}.Debug|Any CPU.Build.0 = Debug|Any CPU
		{71F14A57-E182-49F2-A9E2-BBD79E3D51A3}.Release|Any CPU.ActiveCfg = Release|Any CPU
		{71F14A57-E182-49F2-A9E2-BBD79E3D51A3}.Release|Any CPU.Build.0 = Release|Any CPU
		{0A74FE04-E435-C7D6-7323-B8A06E238903}.Debug|Any CPU.ActiveCfg = Debug|Any CPU
		{0A74FE04-E435-C7D6-7323-B8A06E238903}.Debug|Any CPU.Build.0 = Debug|Any CPU
		{0A74FE04-E435-C7D6-7323-B8A06E238903}.Release|Any CPU.ActiveCfg = Release|Any CPU
		{0A74FE04-E435-C7D6-7323-B8A06E238903}.Release|Any CPU.Build.0 = Release|Any CPU
		{135428C7-DEB2-22D4-0DC7-F80603D9EC23}.Debug|Any CPU.ActiveCfg = Debug|Any CPU
		{135428C7-DEB2-22D4-0DC7-F80603D9EC23}.Debug|Any CPU.Build.0 = Debug|Any CPU
		{135428C7-DEB2-22D4-0DC7-F80603D9EC23}.Release|Any CPU.ActiveCfg = Release|Any CPU
		{135428C7-DEB2-22D4-0DC7-F80603D9EC23}.Release|Any CPU.Build.0 = Release|Any CPU
	EndGlobalSection
	GlobalSection(SolutionProperties) = preSolution
		HideSolutionNode = FALSE
	EndGlobalSection
	GlobalSection(NestedProjects) = preSolution
		{2313C6C4-5786-4046-8772-1A28BDA39338} = {ECC7D17B-3B39-421E-A55E-C9B842037D3E}
		{71F14A57-E182-49F2-A9E2-BBD79E3D51A3} = {ECC7D17B-3B39-421E-A55E-C9B842037D3E}
		{0A74FE04-E435-C7D6-7323-B8A06E238903} = {F2C73DF4-9769-49EC-94F0-DCF91CC5C7C2}
		{135428C7-DEB2-22D4-0DC7-F80603D9EC23} = {7C06F316-5168-46BC-9A49-54ADAE23B173}
		{02EA681E-C7D8-13C7-8484-4AC65E1B71E8} = {380A7511-A354-6D7A-0CC0-8FA1F1BA7B6C}
		{6E4E9365-6329-4D99-A987-3975D1D27AF4} = {380A7511-A354-6D7A-0CC0-8FA1F1BA7B6C}
		{F23C1317-F2B9-4C47-B2A0-1C9C0B57C495} = {380A7511-A354-6D7A-0CC0-8FA1F1BA7B6C}
	EndGlobalSection
	GlobalSection(ExtensibilityGlobals) = postSolution
		SolutionGuid = {AF9A167E-B926-4A99-B692-8A3566AB0996}
	EndGlobalSection
EndGlobal
